
Microsoft Visual Studio Solution File, Format Version 12.00
# Visual Studio Version 17
VisualStudioVersion = 17.8.34330.188
MinimumVisualStudioVersion = 10.0.40219.1
Project("{9A19103F-16F7-4668-BE54-9A1E7A4F7556}") = "taskAPI", "taskAPI\taskAPI.csproj", "{474DB8C9-D960-4261-811C-EA3AE5E2D635}"
EndProject
Project("{FAE04EC0-301F-11D3-BF4B-00C04F79EFBC}") = "TaskAPI.Models", "TaskAPI.Models\TaskAPI.Models.csproj", "{EA57AE66-B297-4E7E-B943-7BD38A1490F7}"
EndProject
Project("{FAE04EC0-301F-11D3-BF4B-00C04F79EFBC}") = "TaskAPI.Servises", "TaskAPI.Servises\TaskAPI.Servises.csproj", "{8A63EC17-63C2-49F8-9025-738118F48B29}"
EndProject
Project("{FAE04EC0-301F-11D3-BF4B-00C04F79EFBC}") = "TaskAPT.DataAccsess", "TaskAPT.DataAccsess\TaskAPT.DataAccsess.csproj", "{10D42BA7-3CEC-4E7E-9603-FAF05CDEBE5F}"
EndProject
Global
	GlobalSection(SolutionConfigurationPlatforms) = preSolution
		Debug|Any CPU = Debug|Any CPU
		Release|Any CPU = Release|Any CPU
	EndGlobalSection
	GlobalSection(ProjectConfigurationPlatforms) = postSolution
		{474DB8C9-D960-4261-811C-EA3AE5E2D635}.Debug|Any CPU.ActiveCfg = Debug|Any CPU
		{474DB8C9-D960-4261-811C-EA3AE5E2D635}.Debug|Any CPU.Build.0 = Debug|Any CPU
		{474DB8C9-D960-4261-811C-EA3AE5E2D635}.Release|Any CPU.ActiveCfg = Release|Any CPU
		{474DB8C9-D960-4261-811C-EA3AE5E2D635}.Release|Any CPU.Build.0 = Release|Any CPU
		{EA57AE66-B297-4E7E-B943-7BD38A1490F7}.Debug|Any CPU.ActiveCfg = Debug|Any CPU
		{EA57AE66-B297-4E7E-B943-7BD38A1490F7}.Debug|Any CPU.Build.0 = Debug|Any CPU
		{EA57AE66-B297-4E7E-B943-7BD38A1490F7}.Release|Any CPU.ActiveCfg = Release|Any CPU
		{EA57AE66-B297-4E7E-B943-7BD38A1490F7}.Release|Any CPU.Build.0 = Release|Any CPU
		{8A63EC17-63C2-49F8-9025-738118F48B29}.Debug|Any CPU.ActiveCfg = Debug|Any CPU
		{8A63EC17-63C2-49F8-9025-738118F48B29}.Debug|Any CPU.Build.0 = Debug|Any CPU
		{8A63EC17-63C2-49F8-9025-738118F48B29}.Release|Any CPU.ActiveCfg = Release|Any CPU
		{8A63EC17-63C2-49F8-9025-738118F48B29}.Release|Any CPU.Build.0 = Release|Any CPU
		{10D42BA7-3CEC-4E7E-9603-FAF05CDEBE5F}.Debug|Any CPU.ActiveCfg = Debug|Any CPU
		{10D42BA7-3CEC-4E7E-9603-FAF05CDEBE5F}.Debug|Any CPU.Build.0 = Debug|Any CPU
		{10D42BA7-3CEC-4E7E-9603-FAF05CDEBE5F}.Release|Any CPU.ActiveCfg = Release|Any CPU
		{10D42BA7-3CEC-4E7E-9603-FAF05CDEBE5F}.Release|Any CPU.Build.0 = Release|Any CPU
	EndGlobalSection
	GlobalSection(SolutionProperties) = preSolution
		HideSolutionNode = FALSE
	EndGlobalSection
	GlobalSection(ExtensibilityGlobals) = postSolution
		SolutionGuid = {541327B0-4CA6-4562-BF41-355E0663EE6A}
	EndGlobalSection
EndGlobal
